
Microsoft Visual Studio Solution File, Format Version 12.00
# Visual Studio 15
VisualStudioVersion = 15.0.26730.16
MinimumVisualStudioVersion = 10.0.40219.1
Project("{FAE04EC0-301F-11D3-BF4B-00C04F79EFBC}") = "Test", "Test\Test.csproj", "{615629CC-A84A-43F6-A0A0-E35220561E76}"
EndProject
Global
	GlobalSection(SolutionConfigurationPlatforms) = preSolution
		Debug|Any CPU = Debug|Any CPU
		Release|Any CPU = Release|Any CPU
	EndGlobalSection
	GlobalSection(ProjectConfigurationPlatforms) = postSolution
		{615629CC-A84A-43F6-A0A0-E35220561E76}.Debug|Any CPU.ActiveCfg = Debug|Any CPU
		{615629CC-A84A-43F6-A0A0-E35220561E76}.Debug|Any CPU.Build.0 = Debug|Any CPU
		{615629CC-A84A-43F6-A0A0-E35220561E76}.Release|Any CPU.ActiveCfg = Release|Any CPU
		{615629CC-A84A-43F6-A0A0-E35220561E76}.Release|Any CPU.Build.0 = Release|Any CPU
	EndGlobalSection
	GlobalSection(SolutionProperties) = preSolution
		HideSolutionNode = FALSE
	EndGlobalSection
	GlobalSection(ExtensibilityGlobals) = postSolution
		SolutionGuid = {8B4B1856-9D08-4EE3-BC85-2AFAC3B8F84A}
	EndGlobalSection
EndGlobal
